
Microsoft Visual Studio Solution File, Format Version 12.00
Project("{FAE04EC0-301F-11D3-BF4B-00C04F79EFBC}") = "Asynkron.Website.Api", "Asynkron.Website.Api\Asynkron.Website.Api.csproj", "{01AE852A-9FCC-454F-8577-FB73CA33C30C}"
EndProject
Global
	GlobalSection(SolutionConfigurationPlatforms) = preSolution
		Debug|Any CPU = Debug|Any CPU
		Release|Any CPU = Release|Any CPU
	EndGlobalSection
	GlobalSection(ProjectConfigurationPlatforms) = postSolution
		{01AE852A-9FCC-454F-8577-FB73CA33C30C}.Debug|Any CPU.ActiveCfg = Debug|Any CPU
		{01AE852A-9FCC-454F-8577-FB73CA33C30C}.Debug|Any CPU.Build.0 = Debug|Any CPU
		{01AE852A-9FCC-454F-8577-FB73CA33C30C}.Release|Any CPU.ActiveCfg = Release|Any CPU
		{01AE852A-9FCC-454F-8577-FB73CA33C30C}.Release|Any CPU.Build.0 = Release|Any CPU
	EndGlobalSection
EndGlobal
